
Microsoft Visual Studio Solution File, Format Version 12.00
# Visual Studio Version 16
VisualStudioVersion = 16.0.29519.181
MinimumVisualStudioVersion = 10.0.40219.1
Project("{9A19103F-16F7-4668-BE54-9A1E7A4F7556}") = "McrBrowser", "McrBrowser.csproj", "{9BF527C2-A827-41ED-8B2C-A55E9466F038}"
EndProject
Global
	GlobalSection(SolutionConfigurationPlatforms) = preSolution
		Debug|Any CPU = Debug|Any CPU
		Release|Any CPU = Release|Any CPU
	EndGlobalSection
	GlobalSection(ProjectConfigurationPlatforms) = postSolution
		{9BF527C2-A827-41ED-8B2C-A55E9466F038}.Debug|Any CPU.ActiveCfg = Debug|Any CPU
		{9BF527C2-A827-41ED-8B2C-A55E9466F038}.Debug|Any CPU.Build.0 = Debug|Any CPU
		{9BF527C2-A827-41ED-8B2C-A55E9466F038}.Release|Any CPU.ActiveCfg = Release|Any CPU
		{9BF527C2-A827-41ED-8B2C-A55E9466F038}.Release|Any CPU.Build.0 = Release|Any CPU
	EndGlobalSection
	GlobalSection(SolutionProperties) = preSolution
		HideSolutionNode = FALSE
	EndGlobalSection
	GlobalSection(ExtensibilityGlobals) = postSolution
		SolutionGuid = {A335C44E-3A00-4BC4-A5AB-184604AD689D}
	EndGlobalSection
EndGlobal
